// !$*UTF8*$!
{
	archiveVersion = 1;
	classes = {
	};
	objectVersion = 56;
	objects = {

/* Begin PBXBuildFile section */
		B406795B296FFA1300C2B17D /* StackViews.swift in Sources */ = {isa = PBXBuildFile; fileRef = B406795A296FFA1300C2B17D /* StackViews.swift */; };
		B406795D296FFC2000C2B17D /* Colour.swift in Sources */ = {isa = PBXBuildFile; fileRef = B406795C296FFC2000C2B17D /* Colour.swift */; };
		B406795F297001E400C2B17D /* Buttons.swift in Sources */ = {isa = PBXBuildFile; fileRef = B406795E297001E400C2B17D /* Buttons.swift */; };
		B4067961297005F600C2B17D /* Alert.swift in Sources */ = {isa = PBXBuildFile; fileRef = B4067960297005F600C2B17D /* Alert.swift */; };
		B406797D297697ED00C2B17D /* EnvironmentModifiers.swift in Sources */ = {isa = PBXBuildFile; fileRef = B406797C297697ED00C2B17D /* EnvironmentModifiers.swift */; };
		B406797F2976982C00C2B17D /* ViewsAsProperties.swift in Sources */ = {isa = PBXBuildFile; fileRef = B406797E2976982C00C2B17D /* ViewsAsProperties.swift */; };
		B40679812976A79000C2B17D /* ViewComposition.swift in Sources */ = {isa = PBXBuildFile; fileRef = B40679802976A79000C2B17D /* ViewComposition.swift */; };
		B40679832976A83D00C2B17D /* CustomModifiers.swift in Sources */ = {isa = PBXBuildFile; fileRef = B40679822976A83D00C2B17D /* CustomModifiers.swift */; };
		B40679852976ACAF00C2B17D /* GridStack.swift in Sources */ = {isa = PBXBuildFile; fileRef = B40679842976ACAF00C2B17D /* GridStack.swift */; };
		B4244B022962C02900E9A494 /* SwiftUIControlsApp.swift in Sources */ = {isa = PBXBuildFile; fileRef = B4244B012962C02900E9A494 /* SwiftUIControlsApp.swift */; };
		B4244B042962C02900E9A494 /* PickerView.swift in Sources */ = {isa = PBXBuildFile; fileRef = B4244B032962C02900E9A494 /* PickerView.swift */; };
		B4244B062962C02A00E9A494 /* Assets.xcassets in Resources */ = {isa = PBXBuildFile; fileRef = B4244B052962C02A00E9A494 /* Assets.xcassets */; };
		B4244B092962C02B00E9A494 /* Preview Assets.xcassets in Resources */ = {isa = PBXBuildFile; fileRef = B4244B082962C02B00E9A494 /* Preview Assets.xcassets */; };
		B4244B102962C0B800E9A494 /* TextFieldView.swift in Sources */ = {isa = PBXBuildFile; fileRef = B4244B0F2962C0B800E9A494 /* TextFieldView.swift */; };
		B4ED574929853A4000DC75C7 /* DatePickerView.swift in Sources */ = {isa = PBXBuildFile; fileRef = B4ED574829853A4000DC75C7 /* DatePickerView.swift */; };
		B4ED5769298E546800DC75C7 /* ListView.swift in Sources */ = {isa = PBXBuildFile; fileRef = B4ED5768298E546800DC75C7 /* ListView.swift */; };
		B4F3DE6A297D6336006B186A /* StepperView.swift in Sources */ = {isa = PBXBuildFile; fileRef = B4F3DE69297D6336006B186A /* StepperView.swift */; };
/* End PBXBuildFile section */

/* Begin PBXFileReference section */
		B406795A296FFA1300C2B17D /* StackViews.swift */ = {isa = PBXFileReference; lastKnownFileType = sourcecode.swift; path = StackViews.swift; sourceTree = "<group>"; };
		B406795C296FFC2000C2B17D /* Colour.swift */ = {isa = PBXFileReference; lastKnownFileType = sourcecode.swift; path = Colour.swift; sourceTree = "<group>"; };
		B406795E297001E400C2B17D /* Buttons.swift */ = {isa = PBXFileReference; lastKnownFileType = sourcecode.swift; path = Buttons.swift; sourceTree = "<group>"; };
		B4067960297005F600C2B17D /* Alert.swift */ = {isa = PBXFileReference; lastKnownFileType = sourcecode.swift; path = Alert.swift; sourceTree = "<group>"; };
		B406797C297697ED00C2B17D /* EnvironmentModifiers.swift */ = {isa = PBXFileReference; lastKnownFileType = sourcecode.swift; path = EnvironmentModifiers.swift; sourceTree = "<group>"; };
		B406797E2976982C00C2B17D /* ViewsAsProperties.swift */ = {isa = PBXFileReference; lastKnownFileType = sourcecode.swift; path = ViewsAsProperties.swift; sourceTree = "<group>"; };
		B40679802976A79000C2B17D /* ViewComposition.swift */ = {isa = PBXFileReference; lastKnownFileType = sourcecode.swift; path = ViewComposition.swift; sourceTree = "<group>"; };
		B40679822976A83D00C2B17D /* CustomModifiers.swift */ = {isa = PBXFileReference; lastKnownFileType = sourcecode.swift; path = CustomModifiers.swift; sourceTree = "<group>"; };
		B40679842976ACAF00C2B17D /* GridStack.swift */ = {isa = PBXFileReference; lastKnownFileType = sourcecode.swift; path = GridStack.swift; sourceTree = "<group>"; };
		B4244AFE2962C02900E9A494 /* SwiftUIControls.app */ = {isa = PBXFileReference; explicitFileType = wrapper.application; includeInIndex = 0; path = SwiftUIControls.app; sourceTree = BUILT_PRODUCTS_DIR; };
		B4244B012962C02900E9A494 /* SwiftUIControlsApp.swift */ = {isa = PBXFileReference; lastKnownFileType = sourcecode.swift; path = SwiftUIControlsApp.swift; sourceTree = "<group>"; };
		B4244B032962C02900E9A494 /* PickerView.swift */ = {isa = PBXFileReference; lastKnownFileType = sourcecode.swift; path = PickerView.swift; sourceTree = "<group>"; };
		B4244B052962C02A00E9A494 /* Assets.xcassets */ = {isa = PBXFileReference; lastKnownFileType = folder.assetcatalog; path = Assets.xcassets; sourceTree = "<group>"; };
		B4244B082962C02B00E9A494 /* Preview Assets.xcassets */ = {isa = PBXFileReference; lastKnownFileType = folder.assetcatalog; path = "Preview Assets.xcassets"; sourceTree = "<group>"; };
		B4244B0F2962C0B800E9A494 /* TextFieldView.swift */ = {isa = PBXFileReference; lastKnownFileType = sourcecode.swift; path = TextFieldView.swift; sourceTree = "<group>"; };
		B4ED574829853A4000DC75C7 /* DatePickerView.swift */ = {isa = PBXFileReference; lastKnownFileType = sourcecode.swift; path = DatePickerView.swift; sourceTree = "<group>"; };
		B4ED5768298E546800DC75C7 /* ListView.swift */ = {isa = PBXFileReference; lastKnownFileType = sourcecode.swift; path = ListView.swift; sourceTree = "<group>"; };
		B4F3DE69297D6336006B186A /* StepperView.swift */ = {isa = PBXFileReference; lastKnownFileType = sourcecode.swift; path = StepperView.swift; sourceTree = "<group>"; };
/* End PBXFileReference section */

/* Begin PBXFrameworksBuildPhase section */
		B4244AFB2962C02900E9A494 /* Frameworks */ = {
			isa = PBXFrameworksBuildPhase;
			buildActionMask = 2147483647;
			files = (
			);
			runOnlyForDeploymentPostprocessing = 0;
		};
/* End PBXFrameworksBuildPhase section */

/* Begin PBXGroup section */
		B4244AF52962C02800E9A494 = {
			isa = PBXGroup;
			children = (
				B4244B002962C02900E9A494 /* SwiftUIControls */,
				B4244AFF2962C02900E9A494 /* Products */,
			);
			sourceTree = "<group>";
		};
		B4244AFF2962C02900E9A494 /* Products */ = {
			isa = PBXGroup;
			children = (
				B4244AFE2962C02900E9A494 /* SwiftUIControls.app */,
			);
			name = Products;
			sourceTree = "<group>";
		};
		B4244B002962C02900E9A494 /* SwiftUIControls */ = {
			isa = PBXGroup;
			children = (
				B4244B012962C02900E9A494 /* SwiftUIControlsApp.swift */,
				B4244B032962C02900E9A494 /* PickerView.swift */,
				B4244B0F2962C0B800E9A494 /* TextFieldView.swift */,
				B406795A296FFA1300C2B17D /* StackViews.swift */,
				B406795C296FFC2000C2B17D /* Colour.swift */,
				B406795E297001E400C2B17D /* Buttons.swift */,
				B4067960297005F600C2B17D /* Alert.swift */,
				B406797C297697ED00C2B17D /* EnvironmentModifiers.swift */,
				B406797E2976982C00C2B17D /* ViewsAsProperties.swift */,
				B40679802976A79000C2B17D /* ViewComposition.swift */,
				B40679822976A83D00C2B17D /* CustomModifiers.swift */,
				B40679842976ACAF00C2B17D /* GridStack.swift */,
				B4F3DE69297D6336006B186A /* StepperView.swift */,
				B4ED574829853A4000DC75C7 /* DatePickerView.swift */,
				B4ED5768298E546800DC75C7 /* ListView.swift */,
				B4244B052962C02A00E9A494 /* Assets.xcassets */,
				B4244B072962C02B00E9A494 /* Preview Content */,
			);
			path = SwiftUIControls;
			sourceTree = "<group>";
		};
		B4244B072962C02B00E9A494 /* Preview Content */ = {
			isa = PBXGroup;
			children = (
				B4244B082962C02B00E9A494 /* Preview Assets.xcassets */,
			);
			path = "Preview Content";
			sourceTree = "<group>";
		};
/* End PBXGroup section */

/* Begin PBXNativeTarget section */
		B4244AFD2962C02900E9A494 /* SwiftUIControls */ = {
			isa = PBXNativeTarget;
			buildConfigurationList = B4244B0C2962C02B00E9A494 /* Build configuration list for PBXNativeTarget "SwiftUIControls" */;
			buildPhases = (
				B4244AFA2962C02900E9A494 /* Sources */,
				B4244AFB2962C02900E9A494 /* Frameworks */,
				B4244AFC2962C02900E9A494 /* Resources */,
			);
			buildRules = (
			);
			dependencies = (
			);
			name = SwiftUIControls;
			productName = SwiftUIControls;
			productReference = B4244AFE2962C02900E9A494 /* SwiftUIControls.app */;
			productType = "com.apple.product-type.application";
		};
/* End PBXNativeTarget section */

/* Begin PBXProject section */
		B4244AF62962C02900E9A494 /* Project object */ = {
			isa = PBXProject;
			attributes = {
				BuildIndependentTargetsInParallel = 1;
				LastSwiftUpdateCheck = 1420;
				LastUpgradeCheck = 1420;
				TargetAttributes = {
					B4244AFD2962C02900E9A494 = {
						CreatedOnToolsVersion = 14.2;
					};
				};
			};
			buildConfigurationList = B4244AF92962C02900E9A494 /* Build configuration list for PBXProject "SwiftUIControls" */;
			compatibilityVersion = "Xcode 14.0";
			developmentRegion = en;
			hasScannedForEncodings = 0;
			knownRegions = (
				en,
				Base,
			);
			mainGroup = B4244AF52962C02800E9A494;
			productRefGroup = B4244AFF2962C02900E9A494 /* Products */;
			projectDirPath = "";
			projectRoot = "";
			targets = (
				B4244AFD2962C02900E9A494 /* SwiftUIControls */,
			);
		};
/* End PBXProject section */

/* Begin PBXResourcesBuildPhase section */
		B4244AFC2962C02900E9A494 /* Resources */ = {
			isa = PBXResourcesBuildPhase;
			buildActionMask = 2147483647;
			files = (
				B4244B092962C02B00E9A494 /* Preview Assets.xcassets in Resources */,
				B4244B062962C02A00E9A494 /* Assets.xcassets in Resources */,
			);
			runOnlyForDeploymentPostprocessing = 0;
		};
/* End PBXResourcesBuildPhase section */

/* Begin PBXSourcesBuildPhase section */
		B4244AFA2962C02900E9A494 /* Sources */ = {
			isa = PBXSourcesBuildPhase;
			buildActionMask = 2147483647;
			files = (
				B406795D296FFC2000C2B17D /* Colour.swift in Sources */,
				B4ED574929853A4000DC75C7 /* DatePickerView.swift in Sources */,
				B4ED5769298E546800DC75C7 /* ListView.swift in Sources */,
				B40679812976A79000C2B17D /* ViewComposition.swift in Sources */,
				B40679852976ACAF00C2B17D /* GridStack.swift in Sources */,
				B406797F2976982C00C2B17D /* ViewsAsProperties.swift in Sources */,
				B4244B042962C02900E9A494 /* PickerView.swift in Sources */,
				B4244B022962C02900E9A494 /* SwiftUIControlsApp.swift in Sources */,
				B406795F297001E400C2B17D /* Buttons.swift in Sources */,
				B406797D297697ED00C2B17D /* EnvironmentModifiers.swift in Sources */,
				B4244B102962C0B800E9A494 /* TextFieldView.swift in Sources */,
				B406795B296FFA1300C2B17D /* StackViews.swift in Sources */,
				B4F3DE6A297D6336006B186A /* StepperView.swift in Sources */,
				B40679832976A83D00C2B17D /* CustomModifiers.swift in Sources */,
				B4067961297005F600C2B17D /* Alert.swift in Sources */,
			);
			runOnlyForDeploymentPostprocessing = 0;
		};
/* End PBXSourcesBuildPhase section */

/* Begin XCBuildConfiguration section */
		B4244B0A2962C02B00E9A494 /* Debug */ = {
			isa = XCBuildConfiguration;
			buildSettings = {
				ALWAYS_SEARCH_USER_PATHS = NO;
				CLANG_ANALYZER_NONNULL = YES;
				CLANG_ANALYZER_NUMBER_OBJECT_CONVERSION = YES_AGGRESSIVE;
				CLANG_CXX_LANGUAGE_STANDARD = "gnu++20";
				CLANG_ENABLE_MODULES = YES;
				CLANG_ENABLE_OBJC_ARC = YES;
				CLANG_ENABLE_OBJC_WEAK = YES;
				CLANG_WARN_BLOCK_CAPTURE_AUTORELEASING = YES;
				CLANG_WARN_BOOL_CONVERSION = YES;
				CLANG_WARN_COMMA = YES;
				CLANG_WARN_CONSTANT_CONVERSION = YES;
				CLANG_WARN_DEPRECATED_OBJC_IMPLEMENTATIONS = YES;
				CLANG_WARN_DIRECT_OBJC_ISA_USAGE = YES_ERROR;
				CLANG_WARN_DOCUMENTATION_COMMENTS = YES;
				CLANG_WARN_EMPTY_BODY = YES;
				CLANG_WARN_ENUM_CONVERSION = YES;
				CLANG_WARN_INFINITE_RECURSION = YES;
				CLANG_WARN_INT_CONVERSION = YES;
				CLANG_WARN_NON_LITERAL_NULL_CONVERSION = YES;
				CLANG_WARN_OBJC_IMPLICIT_RETAIN_SELF = YES;
				CLANG_WARN_OBJC_LITERAL_CONVERSION = YES;
				CLANG_WARN_OBJC_ROOT_CLASS = YES_ERROR;
				CLANG_WARN_QUOTED_INCLUDE_IN_FRAMEWORK_HEADER = YES;
				CLANG_WARN_RANGE_LOOP_ANALYSIS = YES;
				CLANG_WARN_STRICT_PROTOTYPES = YES;
				CLANG_WARN_SUSPICIOUS_MOVE = YES;
				CLANG_WARN_UNGUARDED_AVAILABILITY = YES_AGGRESSIVE;
				CLANG_WARN_UNREACHABLE_CODE = YES;
				CLANG_WARN__DUPLICATE_METHOD_MATCH = YES;
				COPY_PHASE_STRIP = NO;
				DEBUG_INFORMATION_FORMAT = dwarf;
				ENABLE_STRICT_OBJC_MSGSEND = YES;
				ENABLE_TESTABILITY = YES;
				GCC_C_LANGUAGE_STANDARD = gnu11;
				GCC_DYNAMIC_NO_PIC = NO;
				GCC_NO_COMMON_BLOCKS = YES;
				GCC_OPTIMIZATION_LEVEL = 0;
				GCC_PREPROCESSOR_DEFINITIONS = (
					"DEBUG=1",
					"$(inherited)",
				);
				GCC_WARN_64_TO_32_BIT_CONVERSION = YES;
				GCC_WARN_ABOUT_RETURN_TYPE = YES_ERROR;
				GCC_WARN_UNDECLARED_SELECTOR = YES;
				GCC_WARN_UNINITIALIZED_AUTOS = YES_AGGRESSIVE;
				GCC_WARN_UNUSED_FUNCTION = YES;
				GCC_WARN_UNUSED_VARIABLE = YES;
				IPHONEOS_DEPLOYMENT_TARGET = 15.0;
				MTL_ENABLE_DEBUG_INFO = INCLUDE_SOURCE;
				MTL_FAST_MATH = YES;
				ONLY_ACTIVE_ARCH = YES;
				SDKROOT = iphoneos;
				SWIFT_ACTIVE_COMPILATION_CONDITIONS = DEBUG;
				SWIFT_OPTIMIZATION_LEVEL = "-Onone";
			};
			name = Debug;
		};
		B4244B0B2962C02B00E9A494 /* Release */ = {
			isa = XCBuildConfiguration;
			buildSettings = {
				ALWAYS_SEARCH_USER_PATHS = NO;
				CLANG_ANALYZER_NONNULL = YES;
				CLANG_ANALYZER_NUMBER_OBJECT_CONVERSION = YES_AGGRESSIVE;
				CLANG_CXX_LANGUAGE_STANDARD = "gnu++20";
				CLANG_ENABLE_MODULES = YES;
				CLANG_ENABLE_OBJC_ARC = YES;
				CLANG_ENABLE_OBJC_WEAK = YES;
				CLANG_WARN_BLOCK_CAPTURE_AUTORELEASING = YES;
				CLANG_WARN_BOOL_CONVERSION = YES;
				CLANG_WARN_COMMA = YES;
				CLANG_WARN_CONSTANT_CONVERSION = YES;
				CLANG_WARN_DEPRECATED_OBJC_IMPLEMENTATIONS = YES;
				CLANG_WARN_DIRECT_OBJC_ISA_USAGE = YES_ERROR;
				CLANG_WARN_DOCUMENTATION_COMMENTS = YES;
				CLANG_WARN_EMPTY_BODY = YES;
				CLANG_WARN_ENUM_CONVERSION = YES;
				CLANG_WARN_INFINITE_RECURSION = YES;
				CLANG_WARN_INT_CONVERSION = YES;
				CLANG_WARN_NON_LITERAL_NULL_CONVERSION = YES;
				CLANG_WARN_OBJC_IMPLICIT_RETAIN_SELF = YES;
				CLANG_WARN_OBJC_LITERAL_CONVERSION = YES;
				CLANG_WARN_OBJC_ROOT_CLASS = YES_ERROR;
				CLANG_WARN_QUOTED_INCLUDE_IN_FRAMEWORK_HEADER = YES;
				CLANG_WARN_RANGE_LOOP_ANALYSIS = YES;
				CLANG_WARN_STRICT_PROTOTYPES = YES;
				CLANG_WARN_SUSPICIOUS_MOVE = YES;
				CLANG_WARN_UNGUARDED_AVAILABILITY = YES_AGGRESSIVE;
				CLANG_WARN_UNREACHABLE_CODE = YES;
				CLANG_WARN__DUPLICATE_METHOD_MATCH = YES;
				COPY_PHASE_STRIP = NO;
				DEBUG_INFORMATION_FORMAT = "dwarf-with-dsym";
				ENABLE_NS_ASSERTIONS = NO;
				ENABLE_STRICT_OBJC_MSGSEND = YES;
				GCC_C_LANGUAGE_STANDARD = gnu11;
				GCC_NO_COMMON_BLOCKS = YES;
				GCC_WARN_64_TO_32_BIT_CONVERSION = YES;
				GCC_WARN_ABOUT_RETURN_TYPE = YES_ERROR;
				GCC_WARN_UNDECLARED_SELECTOR = YES;
				GCC_WARN_UNINITIALIZED_AUTOS = YES_AGGRESSIVE;
				GCC_WARN_UNUSED_FUNCTION = YES;
				GCC_WARN_UNUSED_VARIABLE = YES;
				IPHONEOS_DEPLOYMENT_TARGET = 15.0;
				MTL_ENABLE_DEBUG_INFO = NO;
				MTL_FAST_MATH = YES;
				SDKROOT = iphoneos;
				SWIFT_COMPILATION_MODE = wholemodule;
				SWIFT_OPTIMIZATION_LEVEL = "-O";
				VALIDATE_PRODUCT = YES;
			};
			name = Release;
		};
		B4244B0D2962C02B00E9A494 /* Debug */ = {
			isa = XCBuildConfiguration;
			buildSettings = {
				ASSETCATALOG_COMPILER_APPICON_NAME = AppIcon;
				ASSETCATALOG_COMPILER_GLOBAL_ACCENT_COLOR_NAME = AccentColor;
				CODE_SIGN_STYLE = Automatic;
				CURRENT_PROJECT_VERSION = 1;
				DEVELOPMENT_ASSET_PATHS = "\"SwiftUIControls/Preview Content\"";
				DEVELOPMENT_TEAM = 93FK67534U;
				ENABLE_PREVIEWS = YES;
				GENERATE_INFOPLIST_FILE = YES;
				INFOPLIST_KEY_UIApplicationSceneManifest_Generation = YES;
				INFOPLIST_KEY_UIApplicationSupportsIndirectInputEvents = YES;
				INFOPLIST_KEY_UILaunchScreen_Generation = YES;
				INFOPLIST_KEY_UISupportedInterfaceOrientations_iPad = "UIInterfaceOrientationPortrait UIInterfaceOrientationPortraitUpsideDown UIInterfaceOrientationLandscapeLeft UIInterfaceOrientationLandscapeRight";
				INFOPLIST_KEY_UISupportedInterfaceOrientations_iPhone = "UIInterfaceOrientationPortrait UIInterfaceOrientationLandscapeLeft UIInterfaceOrientationLandscapeRight";
				LD_RUNPATH_SEARCH_PATHS = (
					"$(inherited)",
					"@executable_path/Frameworks",
				);
				MARKETING_VERSION = 1.0;
				PRODUCT_BUNDLE_IDENTIFIER = com.FZ.SwiftUIControls;
				PRODUCT_NAME = "$(TARGET_NAME)";
				SWIFT_EMIT_LOC_STRINGS = YES;
				SWIFT_VERSION = 5.0;
				TARGETED_DEVICE_FAMILY = "1,2";
			};
			name = Debug;
		};
		B4244B0E2962C02B00E9A494 /* Release */ = {
			isa = XCBuildConfiguration;
			buildSettings = {
				ASSETCATALOG_COMPILER_APPICON_NAME = AppIcon;
				ASSETCATALOG_COMPILER_GLOBAL_ACCENT_COLOR_NAME = AccentColor;
				CODE_SIGN_STYLE = Automatic;
				CURRENT_PROJECT_VERSION = 1;
				DEVELOPMENT_ASSET_PATHS = "\"SwiftUIControls/Preview Content\"";
				DEVELOPMENT_TEAM = 93FK67534U;
				ENABLE_PREVIEWS = YES;
				GENERATE_INFOPLIST_FILE = YES;
				INFOPLIST_KEY_UIApplicationSceneManifest_Generation = YES;
				INFOPLIST_KEY_UIApplicationSupportsIndirectInputEvents = YES;
				INFOPLIST_KEY_UILaunchScreen_Generation = YES;
				INFOPLIST_KEY_UISupportedInterfaceOrientations_iPad = "UIInterfaceOrientationPortrait UIInterfaceOrientationPortraitUpsideDown UIInterfaceOrientationLandscapeLeft UIInterfaceOrientationLandscapeRight";
				INFOPLIST_KEY_UISupportedInterfaceOrientations_iPhone = "UIInterfaceOrientationPortrait UIInterfaceOrientationLandscapeLeft UIInterfaceOrientationLandscapeRight";
				LD_RUNPATH_SEARCH_PATHS = (
					"$(inherited)",
					"@executable_path/Frameworks",
				);
				MARKETING_VERSION = 1.0;
				PRODUCT_BUNDLE_IDENTIFIER = com.FZ.SwiftUIControls;
				PRODUCT_NAME = "$(TARGET_NAME)";
				SWIFT_EMIT_LOC_STRINGS = YES;
				SWIFT_VERSION = 5.0;
				TARGETED_DEVICE_FAMILY = "1,2";
			};
			name = Release;
		};
/* End XCBuildConfiguration section */

/* Begin XCConfigurationList section */
		B4244AF92962C02900E9A494 /* Build configuration list for PBXProject "SwiftUIControls" */ = {
			isa = XCConfigurationList;
			buildConfigurations = (
				B4244B0A2962C02B00E9A494 /* Debug */,
				B4244B0B2962C02B00E9A494 /* Release */,
			);
			defaultConfigurationIsVisible = 0;
			defaultConfigurationName = Release;
		};
		B4244B0C2962C02B00E9A494 /* Build configuration list for PBXNativeTarget "SwiftUIControls" */ = {
			isa = XCConfigurationList;
			buildConfigurations = (
				B4244B0D2962C02B00E9A494 /* Debug */,
				B4244B0E2962C02B00E9A494 /* Release */,
			);
			defaultConfigurationIsVisible = 0;
			defaultConfigurationName = Release;
		};
/* End XCConfigurationList section */
	};
	rootObject = B4244AF62962C02900E9A494 /* Project object */;
}
